// !$*UTF8*$!
{
	archiveVersion = 1;
	classes = {
	};
	objectVersion = 46;
	objects = {

/* Begin PBXBuildFile section */
		6D5B750B5D9A0C782B6253AC /* Pods_Icebreaker.framework in Frameworks */ = {isa = PBXBuildFile; fileRef = 67C85293426C74E7C67DA001 /* Pods_Icebreaker.framework */; };
		DA29F37D1E73342C00303BD9 /* User.swift in Sources */ = {isa = PBXBuildFile; fileRef = DA29F37C1E73342C00303BD9 /* User.swift */; };
		DA4F99951DDB817E000DDC68 /* AppDelegate.swift in Sources */ = {isa = PBXBuildFile; fileRef = DA4F99941DDB817E000DDC68 /* AppDelegate.swift */; };
		DA4F999A1DDB817E000DDC68 /* Main.storyboard in Resources */ = {isa = PBXBuildFile; fileRef = DA4F99981DDB817E000DDC68 /* Main.storyboard */; };
		DA4F999C1DDB817E000DDC68 /* Assets.xcassets in Resources */ = {isa = PBXBuildFile; fileRef = DA4F999B1DDB817E000DDC68 /* Assets.xcassets */; };
		DA4F999F1DDB817E000DDC68 /* LaunchScreen.storyboard in Resources */ = {isa = PBXBuildFile; fileRef = DA4F999D1DDB817E000DDC68 /* LaunchScreen.storyboard */; };
		DAA399F91E72FFBA00D6E7F4 /* NetworkController.swift in Sources */ = {isa = PBXBuildFile; fileRef = DAA399F81E72FFBA00D6E7F4 /* NetworkController.swift */; };
		DAB355D01DDB825500909B6F /* LoginViewController.swift in Sources */ = {isa = PBXBuildFile; fileRef = DAB355CF1DDB825500909B6F /* LoginViewController.swift */; };
		DAB355D21DDB827700909B6F /* MapViewController.swift in Sources */ = {isa = PBXBuildFile; fileRef = DAB355D11DDB827700909B6F /* MapViewController.swift */; };
		DAB355D41DDB82BE00909B6F /* Podfile in Resources */ = {isa = PBXBuildFile; fileRef = DAB355D31DDB82BE00909B6F /* Podfile */; };
		DAB355D61DDB82F000909B6F /* NewUserViewController.swift in Sources */ = {isa = PBXBuildFile; fileRef = DAB355D51DDB82F000909B6F /* NewUserViewController.swift */; };
		DAC683EB1E510B5200655923 /* Logo.png in Resources */ = {isa = PBXBuildFile; fileRef = DAC683EA1E510B5200655923 /* Logo.png */; };
/* End PBXBuildFile section */

/* Begin PBXFileReference section */
		1348EEC1A33528F9E967D85F /* Pods-Icebreaker.release.xcconfig */ = {isa = PBXFileReference; includeInIndex = 1; lastKnownFileType = text.xcconfig; name = "Pods-Icebreaker.release.xcconfig"; path = "Pods/Target Support Files/Pods-Icebreaker/Pods-Icebreaker.release.xcconfig"; sourceTree = "<group>"; };
		67C85293426C74E7C67DA001 /* Pods_Icebreaker.framework */ = {isa = PBXFileReference; explicitFileType = wrapper.framework; includeInIndex = 0; path = Pods_Icebreaker.framework; sourceTree = BUILT_PRODUCTS_DIR; };
		A5CF40E59501EDF1496BB043 /* Pods-Icebreaker.debug.xcconfig */ = {isa = PBXFileReference; includeInIndex = 1; lastKnownFileType = text.xcconfig; name = "Pods-Icebreaker.debug.xcconfig"; path = "Pods/Target Support Files/Pods-Icebreaker/Pods-Icebreaker.debug.xcconfig"; sourceTree = "<group>"; };
		DA29F37C1E73342C00303BD9 /* User.swift */ = {isa = PBXFileReference; fileEncoding = 4; lastKnownFileType = sourcecode.swift; path = User.swift; sourceTree = "<group>"; };
		DA4F99911DDB817E000DDC68 /* Icebreaker.app */ = {isa = PBXFileReference; explicitFileType = wrapper.application; includeInIndex = 0; path = Icebreaker.app; sourceTree = BUILT_PRODUCTS_DIR; };
		DA4F99941DDB817E000DDC68 /* AppDelegate.swift */ = {isa = PBXFileReference; lastKnownFileType = sourcecode.swift; path = AppDelegate.swift; sourceTree = "<group>"; };
		DA4F99991DDB817E000DDC68 /* Base */ = {isa = PBXFileReference; lastKnownFileType = file.storyboard; name = Base; path = Base.lproj/Main.storyboard; sourceTree = "<group>"; };
		DA4F999B1DDB817E000DDC68 /* Assets.xcassets */ = {isa = PBXFileReference; lastKnownFileType = folder.assetcatalog; path = Assets.xcassets; sourceTree = "<group>"; };
		DA4F999E1DDB817E000DDC68 /* Base */ = {isa = PBXFileReference; lastKnownFileType = file.storyboard; name = Base; path = Base.lproj/LaunchScreen.storyboard; sourceTree = "<group>"; };
		DA4F99A01DDB817E000DDC68 /* Info.plist */ = {isa = PBXFileReference; lastKnownFileType = text.plist.xml; path = Info.plist; sourceTree = "<group>"; };
		DAA399F81E72FFBA00D6E7F4 /* NetworkController.swift */ = {isa = PBXFileReference; fileEncoding = 4; lastKnownFileType = sourcecode.swift; path = NetworkController.swift; sourceTree = "<group>"; };
		DAB355CF1DDB825500909B6F /* LoginViewController.swift */ = {isa = PBXFileReference; fileEncoding = 4; lastKnownFileType = sourcecode.swift; path = LoginViewController.swift; sourceTree = "<group>"; };
		DAB355D11DDB827700909B6F /* MapViewController.swift */ = {isa = PBXFileReference; fileEncoding = 4; lastKnownFileType = sourcecode.swift; path = MapViewController.swift; sourceTree = "<group>"; };
		DAB355D31DDB82BE00909B6F /* Podfile */ = {isa = PBXFileReference; fileEncoding = 4; lastKnownFileType = text; path = Podfile; sourceTree = "<group>"; xcLanguageSpecificationIdentifier = xcode.lang.ruby; };
		DAB355D51DDB82F000909B6F /* NewUserViewController.swift */ = {isa = PBXFileReference; fileEncoding = 4; lastKnownFileType = sourcecode.swift; path = NewUserViewController.swift; sourceTree = "<group>"; };
		DAC683EA1E510B5200655923 /* Logo.png */ = {isa = PBXFileReference; lastKnownFileType = image.png; path = Logo.png; sourceTree = "<group>"; };
/* End PBXFileReference section */

/* Begin PBXFrameworksBuildPhase section */
		DA4F998E1DDB817E000DDC68 /* Frameworks */ = {
			isa = PBXFrameworksBuildPhase;
			buildActionMask = 2147483647;
			files = (
				6D5B750B5D9A0C782B6253AC /* Pods_Icebreaker.framework in Frameworks */,
			);
			runOnlyForDeploymentPostprocessing = 0;
		};
/* End PBXFrameworksBuildPhase section */

/* Begin PBXGroup section */
		1F8FD6063324A60D7F00973A /* Frameworks */ = {
			isa = PBXGroup;
			children = (
				67C85293426C74E7C67DA001 /* Pods_Icebreaker.framework */,
			);
			name = Frameworks;
			sourceTree = "<group>";
		};
		D24BCDD00B0298E8BD39DF7B /* Pods */ = {
			isa = PBXGroup;
			children = (
				A5CF40E59501EDF1496BB043 /* Pods-Icebreaker.debug.xcconfig */,
				1348EEC1A33528F9E967D85F /* Pods-Icebreaker.release.xcconfig */,
			);
			name = Pods;
			sourceTree = "<group>";
		};
		DA29F37B1E7333D200303BD9 /* Models */ = {
			isa = PBXGroup;
			children = (
				DA29F37C1E73342C00303BD9 /* User.swift */,
			);
			name = Models;
			path = ..;
			sourceTree = "<group>";
		};
		DA4F99881DDB817D000DDC68 = {
			isa = PBXGroup;
			children = (
				DAB355D31DDB82BE00909B6F /* Podfile */,
				DA4F99931DDB817E000DDC68 /* Icebreaker */,
				DA4F99921DDB817E000DDC68 /* Products */,
				D24BCDD00B0298E8BD39DF7B /* Pods */,
				1F8FD6063324A60D7F00973A /* Frameworks */,
			);
			sourceTree = "<group>";
		};
		DA4F99921DDB817E000DDC68 /* Products */ = {
			isa = PBXGroup;
			children = (
				DA4F99911DDB817E000DDC68 /* Icebreaker.app */,
			);
			name = Products;
			sourceTree = "<group>";
		};
		DA4F99931DDB817E000DDC68 /* Icebreaker */ = {
			isa = PBXGroup;
			children = (
				DA4F99941DDB817E000DDC68 /* AppDelegate.swift */,
				DAA399FB1E7300B600D6E7F4 /* Views */,
				DAA399FA1E7300A200D6E7F4 /* Controllers */,
				DA29F37B1E7333D200303BD9 /* Models */,
				DA4F99981DDB817E000DDC68 /* Main.storyboard */,
				DA4F999B1DDB817E000DDC68 /* Assets.xcassets */,
				DAC683EA1E510B5200655923 /* Logo.png */,
				DA4F999D1DDB817E000DDC68 /* LaunchScreen.storyboard */,
				DA4F99A01DDB817E000DDC68 /* Info.plist */,
			);
			path = Icebreaker;
			sourceTree = "<group>";
		};
		DAA399FA1E7300A200D6E7F4 /* Controllers */ = {
			isa = PBXGroup;
			children = (
				DAA399F81E72FFBA00D6E7F4 /* NetworkController.swift */,
			);
			name = Controllers;
			sourceTree = "<group>";
		};
		DAA399FB1E7300B600D6E7F4 /* Views */ = {
			isa = PBXGroup;
			children = (
				DAB355D11DDB827700909B6F /* MapViewController.swift */,
				DAB355CF1DDB825500909B6F /* LoginViewController.swift */,
				DAB355D51DDB82F000909B6F /* NewUserViewController.swift */,
			);
			name = Views;
			sourceTree = "<group>";
		};
/* End PBXGroup section */

/* Begin PBXNativeTarget section */
		DA4F99901DDB817E000DDC68 /* Icebreaker */ = {
			isa = PBXNativeTarget;
			buildConfigurationList = DA4F99A31DDB817E000DDC68 /* Build configuration list for PBXNativeTarget "Icebreaker" */;
			buildPhases = (
				A248DCE4E7E2B18379A26775 /* [CP] Check Pods Manifest.lock */,
				DA4F998D1DDB817E000DDC68 /* Sources */,
				DA4F998E1DDB817E000DDC68 /* Frameworks */,
				DA4F998F1DDB817E000DDC68 /* Resources */,
				A4C0290C1C298081D24173A9 /* [CP] Embed Pods Frameworks */,
				74F1EBFD589455727A3ED841 /* [CP] Copy Pods Resources */,
			);
			buildRules = (
			);
			dependencies = (
			);
			name = Icebreaker;
			productName = Icebreaker;
			productReference = DA4F99911DDB817E000DDC68 /* Icebreaker.app */;
			productType = "com.apple.product-type.application";
		};
/* End PBXNativeTarget section */

/* Begin PBXProject section */
		DA4F99891DDB817D000DDC68 /* Project object */ = {
			isa = PBXProject;
			attributes = {
				LastSwiftUpdateCheck = 0810;
				LastUpgradeCheck = 0810;
				ORGANIZATIONNAME = "Alberto Cabello";
				TargetAttributes = {
					DA4F99901DDB817E000DDC68 = {
						CreatedOnToolsVersion = 8.1;
						DevelopmentTeam = 6Q9UDY3K2L;
						ProvisioningStyle = Automatic;
					};
				};
			};
			buildConfigurationList = DA4F998C1DDB817D000DDC68 /* Build configuration list for PBXProject "Icebreaker" */;
			compatibilityVersion = "Xcode 3.2";
			developmentRegion = English;
			hasScannedForEncodings = 0;
			knownRegions = (
				en,
				Base,
			);
			mainGroup = DA4F99881DDB817D000DDC68;
			productRefGroup = DA4F99921DDB817E000DDC68 /* Products */;
			projectDirPath = "";
			projectRoot = "";
			targets = (
				DA4F99901DDB817E000DDC68 /* Icebreaker */,
			);
		};
/* End PBXProject section */

/* Begin PBXResourcesBuildPhase section */
		DA4F998F1DDB817E000DDC68 /* Resources */ = {
			isa = PBXResourcesBuildPhase;
			buildActionMask = 2147483647;
			files = (
				DA4F999F1DDB817E000DDC68 /* LaunchScreen.storyboard in Resources */,
				DA4F999C1DDB817E000DDC68 /* Assets.xcassets in Resources */,
				DAC683EB1E510B5200655923 /* Logo.png in Resources */,
				DAB355D41DDB82BE00909B6F /* Podfile in Resources */,
				DA4F999A1DDB817E000DDC68 /* Main.storyboard in Resources */,
			);
			runOnlyForDeploymentPostprocessing = 0;
		};
/* End PBXResourcesBuildPhase section */

/* Begin PBXShellScriptBuildPhase section */
		74F1EBFD589455727A3ED841 /* [CP] Copy Pods Resources */ = {
			isa = PBXShellScriptBuildPhase;
			buildActionMask = 2147483647;
			files = (
			);
			inputPaths = (
			);
			name = "[CP] Copy Pods Resources";
			outputPaths = (
			);
			runOnlyForDeploymentPostprocessing = 0;
			shellPath = /bin/sh;
			shellScript = "\"${SRCROOT}/Pods/Target Support Files/Pods-Icebreaker/Pods-Icebreaker-resources.sh\"\n";
			showEnvVarsInLog = 0;
		};
		A248DCE4E7E2B18379A26775 /* [CP] Check Pods Manifest.lock */ = {
			isa = PBXShellScriptBuildPhase;
			buildActionMask = 2147483647;
			files = (
			);
			inputPaths = (
			);
			name = "[CP] Check Pods Manifest.lock";
			outputPaths = (
			);
			runOnlyForDeploymentPostprocessing = 0;
			shellPath = /bin/sh;
			shellScript = "diff \"${PODS_ROOT}/../Podfile.lock\" \"${PODS_ROOT}/Manifest.lock\" > /dev/null\nif [ $? != 0 ] ; then\n    # print error to STDERR\n    echo \"error: The sandbox is not in sync with the Podfile.lock. Run 'pod install' or update your CocoaPods installation.\" >&2\n    exit 1\nfi\n";
			showEnvVarsInLog = 0;
		};
		A4C0290C1C298081D24173A9 /* [CP] Embed Pods Frameworks */ = {
			isa = PBXShellScriptBuildPhase;
			buildActionMask = 2147483647;
			files = (
			);
			inputPaths = (
			);
			name = "[CP] Embed Pods Frameworks";
			outputPaths = (
			);
			runOnlyForDeploymentPostprocessing = 0;
			shellPath = /bin/sh;
			shellScript = "\"${SRCROOT}/Pods/Target Support Files/Pods-Icebreaker/Pods-Icebreaker-frameworks.sh\"\n";
			showEnvVarsInLog = 0;
		};
/* End PBXShellScriptBuildPhase section */

/* Begin PBXSourcesBuildPhase section */
		DA4F998D1DDB817E000DDC68 /* Sources */ = {
			isa = PBXSourcesBuildPhase;
			buildActionMask = 2147483647;
			files = (
				DAB355D01DDB825500909B6F /* LoginViewController.swift in Sources */,
				DAB355D61DDB82F000909B6F /* NewUserViewController.swift in Sources */,
				DA29F37D1E73342C00303BD9 /* User.swift in Sources */,
				DAA399F91E72FFBA00D6E7F4 /* NetworkController.swift in Sources */,
				DA4F99951DDB817E000DDC68 /* AppDelegate.swift in Sources */,
				DAB355D21DDB827700909B6F /* MapViewController.swift in Sources */,
			);
			runOnlyForDeploymentPostprocessing = 0;
		};
/* End PBXSourcesBuildPhase section */

/* Begin PBXVariantGroup section */
		DA4F99981DDB817E000DDC68 /* Main.storyboard */ = {
			isa = PBXVariantGroup;
			children = (
				DA4F99991DDB817E000DDC68 /* Base */,
			);
			name = Main.storyboard;
			sourceTree = "<group>";
		};
		DA4F999D1DDB817E000DDC68 /* LaunchScreen.storyboard */ = {
			isa = PBXVariantGroup;
			children = (
				DA4F999E1DDB817E000DDC68 /* Base */,
			);
			name = LaunchScreen.storyboard;
			sourceTree = "<group>";
		};
/* End PBXVariantGroup section */

/* Begin XCBuildConfiguration section */
		DA4F99A11DDB817E000DDC68 /* Debug */ = {
			isa = XCBuildConfiguration;
			buildSettings = {
				ALWAYS_SEARCH_USER_PATHS = NO;
				CLANG_ANALYZER_NONNULL = YES;
				CLANG_CXX_LANGUAGE_STANDARD = "gnu++0x";
				CLANG_CXX_LIBRARY = "libc++";
				CLANG_ENABLE_MODULES = YES;
				CLANG_ENABLE_OBJC_ARC = YES;
				CLANG_WARN_BOOL_CONVERSION = YES;
				CLANG_WARN_CONSTANT_CONVERSION = YES;
				CLANG_WARN_DIRECT_OBJC_ISA_USAGE = YES_ERROR;
				CLANG_WARN_DOCUMENTATION_COMMENTS = YES;
				CLANG_WARN_EMPTY_BODY = YES;
				CLANG_WARN_ENUM_CONVERSION = YES;
				CLANG_WARN_INFINITE_RECURSION = YES;
				CLANG_WARN_INT_CONVERSION = YES;
				CLANG_WARN_OBJC_ROOT_CLASS = YES_ERROR;
				CLANG_WARN_SUSPICIOUS_MOVE = YES;
				CLANG_WARN_SUSPICIOUS_MOVES = YES;
				CLANG_WARN_UNREACHABLE_CODE = YES;
				CLANG_WARN__DUPLICATE_METHOD_MATCH = YES;
				"CODE_SIGN_IDENTITY[sdk=iphoneos*]" = "iPhone Developer";
				COPY_PHASE_STRIP = NO;
				DEBUG_INFORMATION_FORMAT = dwarf;
				ENABLE_STRICT_OBJC_MSGSEND = YES;
				ENABLE_TESTABILITY = YES;
				GCC_C_LANGUAGE_STANDARD = gnu99;
				GCC_DYNAMIC_NO_PIC = NO;
				GCC_NO_COMMON_BLOCKS = YES;
				GCC_OPTIMIZATION_LEVEL = 0;
				GCC_PREPROCESSOR_DEFINITIONS = (
					"DEBUG=1",
					"$(inherited)",
				);
				GCC_WARN_64_TO_32_BIT_CONVERSION = YES;
				GCC_WARN_ABOUT_RETURN_TYPE = YES_ERROR;
				GCC_WARN_UNDECLARED_SELECTOR = YES;
				GCC_WARN_UNINITIALIZED_AUTOS = YES_AGGRESSIVE;
				GCC_WARN_UNUSED_FUNCTION = YES;
				GCC_WARN_UNUSED_VARIABLE = YES;
				IPHONEOS_DEPLOYMENT_TARGET = 10.0;
				MTL_ENABLE_DEBUG_INFO = YES;
				ONLY_ACTIVE_ARCH = YES;
				SDKROOT = iphoneos;
				SWIFT_ACTIVE_COMPILATION_CONDITIONS = DEBUG;
				SWIFT_OPTIMIZATION_LEVEL = "-Onone";
			};
			name = Debug;
		};
		DA4F99A21DDB817E000DDC68 /* Release */ = {
			isa = XCBuildConfiguration;
			buildSettings = {
				ALWAYS_SEARCH_USER_PATHS = NO;
				CLANG_ANALYZER_NONNULL = YES;
				CLANG_CXX_LANGUAGE_STANDARD = "gnu++0x";
				CLANG_CXX_LIBRARY = "libc++";
				CLANG_ENABLE_MODULES = YES;
				CLANG_ENABLE_OBJC_ARC = YES;
				CLANG_WARN_BOOL_CONVERSION = YES;
				CLANG_WARN_CONSTANT_CONVERSION = YES;
				CLANG_WARN_DIRECT_OBJC_ISA_USAGE = YES_ERROR;
				CLANG_WARN_DOCUMENTATION_COMMENTS = YES;
				CLANG_WARN_EMPTY_BODY = YES;
				CLANG_WARN_ENUM_CONVERSION = YES;
				CLANG_WARN_INFINITE_RECURSION = YES;
				CLANG_WARN_INT_CONVERSION = YES;
				CLANG_WARN_OBJC_ROOT_CLASS = YES_ERROR;
				CLANG_WARN_SUSPICIOUS_MOVE = YES;
				CLANG_WARN_SUSPICIOUS_MOVES = YES;
				CLANG_WARN_UNREACHABLE_CODE = YES;
				CLANG_WARN__DUPLICATE_METHOD_MATCH = YES;
				"CODE_SIGN_IDENTITY[sdk=iphoneos*]" = "iPhone Developer";
				COPY_PHASE_STRIP = NO;
				DEBUG_INFORMATION_FORMAT = "dwarf-with-dsym";
				ENABLE_NS_ASSERTIONS = NO;
				ENABLE_STRICT_OBJC_MSGSEND = YES;
				GCC_C_LANGUAGE_STANDARD = gnu99;
				GCC_NO_COMMON_BLOCKS = YES;
				GCC_WARN_64_TO_32_BIT_CONVERSION = YES;
				GCC_WARN_ABOUT_RETURN_TYPE = YES_ERROR;
				GCC_WARN_UNDECLARED_SELECTOR = YES;
				GCC_WARN_UNINITIALIZED_AUTOS = YES_AGGRESSIVE;
				GCC_WARN_UNUSED_FUNCTION = YES;
				GCC_WARN_UNUSED_VARIABLE = YES;
				IPHONEOS_DEPLOYMENT_TARGET = 10.0;
				MTL_ENABLE_DEBUG_INFO = NO;
				SDKROOT = iphoneos;
				SWIFT_OPTIMIZATION_LEVEL = "-Owholemodule";
				VALIDATE_PRODUCT = YES;
			};
			name = Release;
		};
		DA4F99A41DDB817E000DDC68 /* Debug */ = {
			isa = XCBuildConfiguration;
			baseConfigurationReference = A5CF40E59501EDF1496BB043 /* Pods-Icebreaker.debug.xcconfig */;
			buildSettings = {
				ASSETCATALOG_COMPILER_APPICON_NAME = AppIcon;
				DEVELOPMENT_TEAM = 6Q9UDY3K2L;
				INFOPLIST_FILE = Icebreaker/Info.plist;
				LD_RUNPATH_SEARCH_PATHS = "$(inherited) @executable_path/Frameworks";
				PRODUCT_BUNDLE_IDENTIFIER = ACab.Icebreaker;
				PRODUCT_NAME = "$(TARGET_NAME)";
				SWIFT_VERSION = 3.0;
			};
			name = Debug;
		};
		DA4F99A51DDB817E000DDC68 /* Release */ = {
			isa = XCBuildConfiguration;
			baseConfigurationReference = 1348EEC1A33528F9E967D85F /* Pods-Icebreaker.release.xcconfig */;
			buildSettings = {
				ASSETCATALOG_COMPILER_APPICON_NAME = AppIcon;
				DEVELOPMENT_TEAM = 6Q9UDY3K2L;
				INFOPLIST_FILE = Icebreaker/Info.plist;
				LD_RUNPATH_SEARCH_PATHS = "$(inherited) @executable_path/Frameworks";
				PRODUCT_BUNDLE_IDENTIFIER = ACab.Icebreaker;
				PRODUCT_NAME = "$(TARGET_NAME)";
				SWIFT_VERSION = 3.0;
			};
			name = Release;
		};
/* End XCBuildConfiguration section */

/* Begin XCConfigurationList section */
		DA4F998C1DDB817D000DDC68 /* Build configuration list for PBXProject "Icebreaker" */ = {
			isa = XCConfigurationList;
			buildConfigurations = (
				DA4F99A11DDB817E000DDC68 /* Debug */,
				DA4F99A21DDB817E000DDC68 /* Release */,
			);
			defaultConfigurationIsVisible = 0;
			defaultConfigurationName = Release;
		};
		DA4F99A31DDB817E000DDC68 /* Build configuration list for PBXNativeTarget "Icebreaker" */ = {
			isa = XCConfigurationList;
			buildConfigurations = (
				DA4F99A41DDB817E000DDC68 /* Debug */,
				DA4F99A51DDB817E000DDC68 /* Release */,
			);
			defaultConfigurationIsVisible = 0;
			defaultConfigurationName = Release;
		};
/* End XCConfigurationList section */
	};
	rootObject = DA4F99891DDB817D000DDC68 /* Project object */;
}
